
Microsoft Visual Studio Solution File, Format Version 12.00
# Visual Studio Version 17
VisualStudioVersion = 17.5.33414.496
MinimumVisualStudioVersion = 10.0.40219.1
Project("{2150E333-8FDC-42A3-9474-1A3956D46DE8}") = "Solution Items", "Solution Items", "{B6ACEEA9-E3ED-4B6A-86A1-A6D58E899CBA}"
	ProjectSection(SolutionItems) = preProject
		.editorconfig = .editorconfig
	EndProjectSection
EndProject
Project("{2150E333-8FDC-42A3-9474-1A3956D46DE8}") = "src", "src", "{94A73965-BAF9-4303-A73D-B3EF51B85221}"
EndProject
Project("{FAE04EC0-301F-11D3-BF4B-00C04F79EFBC}") = "Application", "src\Application\Application.csproj", "{D3DBE4F4-F908-4112-8944-230E7C6C45AF}"
EndProject
Project("{FAE04EC0-301F-11D3-BF4B-00C04F79EFBC}") = "API", "src\API\API.csproj", "{D438C213-42E9-4D30-9679-B1AF92F56629}"
EndProject
Project("{FAE04EC0-301F-11D3-BF4B-00C04F79EFBC}") = "CLI", "src\CLI\CLI.csproj", "{964FDB28-60FA-4278-B54C-5E63E4078701}"
EndProject
Global
	GlobalSection(SolutionConfigurationPlatforms) = preSolution
		Debug|Any CPU = Debug|Any CPU
		Release|Any CPU = Release|Any CPU
	EndGlobalSection
	GlobalSection(ProjectConfigurationPlatforms) = postSolution
		{D3DBE4F4-F908-4112-8944-230E7C6C45AF}.Debug|Any CPU.ActiveCfg = Debug|Any CPU
		{D3DBE4F4-F908-4112-8944-230E7C6C45AF}.Debug|Any CPU.Build.0 = Debug|Any CPU
		{D3DBE4F4-F908-4112-8944-230E7C6C45AF}.Release|Any CPU.ActiveCfg = Release|Any CPU
		{D3DBE4F4-F908-4112-8944-230E7C6C45AF}.Release|Any CPU.Build.0 = Release|Any CPU
		{D438C213-42E9-4D30-9679-B1AF92F56629}.Debug|Any CPU.ActiveCfg = Debug|Any CPU
		{D438C213-42E9-4D30-9679-B1AF92F56629}.Debug|Any CPU.Build.0 = Debug|Any CPU
		{D438C213-42E9-4D30-9679-B1AF92F56629}.Release|Any CPU.ActiveCfg = Release|Any CPU
		{D438C213-42E9-4D30-9679-B1AF92F56629}.Release|Any CPU.Build.0 = Release|Any CPU
		{964FDB28-60FA-4278-B54C-5E63E4078701}.Debug|Any CPU.ActiveCfg = Debug|Any CPU
		{964FDB28-60FA-4278-B54C-5E63E4078701}.Debug|Any CPU.Build.0 = Debug|Any CPU
		{964FDB28-60FA-4278-B54C-5E63E4078701}.Release|Any CPU.ActiveCfg = Release|Any CPU
		{964FDB28-60FA-4278-B54C-5E63E4078701}.Release|Any CPU.Build.0 = Release|Any CPU
	EndGlobalSection
	GlobalSection(SolutionProperties) = preSolution
		HideSolutionNode = FALSE
	EndGlobalSection
	GlobalSection(NestedProjects) = preSolution
		{D3DBE4F4-F908-4112-8944-230E7C6C45AF} = {94A73965-BAF9-4303-A73D-B3EF51B85221}
		{D438C213-42E9-4D30-9679-B1AF92F56629} = {94A73965-BAF9-4303-A73D-B3EF51B85221}
		{964FDB28-60FA-4278-B54C-5E63E4078701} = {94A73965-BAF9-4303-A73D-B3EF51B85221}
	EndGlobalSection
	GlobalSection(ExtensibilityGlobals) = postSolution
		SolutionGuid = {CC92F442-385B-4B8E-B945-74503190566C}
	EndGlobalSection
EndGlobal
